Microsoft Visual Studio Solution File, Format Version 12.00
# Visual Studio Version 17
VisualStudioVersion = 17.5.2.0
MinimumVisualStudioVersion = 10.0.40219.1
Project("{FAE04EC0-301F-11D3-BF4B-00C04F79EFBC}") = "TaskManager.Application", "TaskManager.Application\TaskManager.Application.csproj", "{B5EADF72-F5AF-46F7-2319-30CFB7F9B24F}"
EndProject
Project("{FAE04EC0-301F-11D3-BF4B-00C04F79EFBC}") = "TaskManager.Domain", "TaskManager.Domain\TaskManager.Domain.csproj", "{2846E56A-49AA-5BF7-74AB-811C546C6862}"
EndProject
Project("{FAE04EC0-301F-11D3-BF4B-00C04F79EFBC}") = "TaskManager.Infrastructure", "TaskManager.Infrastructure\TaskManager.Infrastructure.csproj", "{F2B4D855-AC92-A7BF-26B4-1189BBE846F1}"
EndProject
Project("{FAE04EC0-301F-11D3-BF4B-00C04F79EFBC}") = "TaskManager.WebApi", "TaskManager.WebApi\TaskManager.WebApi.csproj", "{402154FE-7656-94C8-537B-71FD6D08967C}"
EndProject
Global
	GlobalSection(SolutionConfigurationPlatforms) = preSolution
		Debug|Any CPU = Debug|Any CPU
		Release|Any CPU = Release|Any CPU
	EndGlobalSection
	GlobalSection(ProjectConfigurationPlatforms) = postSolution
		{B5EADF72-F5AF-46F7-2319-30CFB7F9B24F}.Debug|Any CPU.ActiveCfg = Debug|Any CPU
		{B5EADF72-F5AF-46F7-2319-30CFB7F9B24F}.Debug|Any CPU.Build.0 = Debug|Any CPU
		{B5EADF72-F5AF-46F7-2319-30CFB7F9B24F}.Release|Any CPU.ActiveCfg = Release|Any CPU
		{B5EADF72-F5AF-46F7-2319-30CFB7F9B24F}.Release|Any CPU.Build.0 = Release|Any CPU
		{2846E56A-49AA-5BF7-74AB-811C546C6862}.Debug|Any CPU.ActiveCfg = Debug|Any CPU
		{2846E56A-49AA-5BF7-74AB-811C546C6862}.Debug|Any CPU.Build.0 = Debug|Any CPU
		{2846E56A-49AA-5BF7-74AB-811C546C6862}.Release|Any CPU.ActiveCfg = Release|Any CPU
		{2846E56A-49AA-5BF7-74AB-811C546C6862}.Release|Any CPU.Build.0 = Release|Any CPU
		{F2B4D855-AC92-A7BF-26B4-1189BBE846F1}.Debug|Any CPU.ActiveCfg = Debug|Any CPU
		{F2B4D855-AC92-A7BF-26B4-1189BBE846F1}.Debug|Any CPU.Build.0 = Debug|Any CPU
		{F2B4D855-AC92-A7BF-26B4-1189BBE846F1}.Release|Any CPU.ActiveCfg = Release|Any CPU
		{F2B4D855-AC92-A7BF-26B4-1189BBE846F1}.Release|Any CPU.Build.0 = Release|Any CPU
		{402154FE-7656-94C8-537B-71FD6D08967C}.Debug|Any CPU.ActiveCfg = Debug|Any CPU
		{402154FE-7656-94C8-537B-71FD6D08967C}.Debug|Any CPU.Build.0 = Debug|Any CPU
		{402154FE-7656-94C8-537B-71FD6D08967C}.Release|Any CPU.ActiveCfg = Release|Any CPU
		{402154FE-7656-94C8-537B-71FD6D08967C}.Release|Any CPU.Build.0 = Release|Any CPU
	EndGlobalSection
	GlobalSection(SolutionProperties) = preSolution
		HideSolutionNode = FALSE
	EndGlobalSection
	GlobalSection(ExtensibilityGlobals) = postSolution
		SolutionGuid = {C8DB5A19-3354-48FF-B4C9-E4A74A820732}
	EndGlobalSection
EndGlobal
